
Microsoft Visual Studio Solution File, Format Version 11.00
# Visual Studio 2010
Project("{FAE04EC0-301F-11D3-BF4B-00C04F79EFBC}") = "StarterSite.Web", "StarterSite.Web\StarterSite.Web.csproj", "{9FE97FFC-F561-4CA7-AEDF-071EF3D36329}"
EndProject
Project("{FAE04EC0-301F-11D3-BF4B-00C04F79EFBC}") = "StarterSite.Test", "StarterSite.Test\StarterSite.Test.csproj", "{555FAAFD-8F69-45A0-8BA1-D901A07EE166}"
EndProject
Global
	GlobalSection(SolutionConfigurationPlatforms) = preSolution
		Debug|Any CPU = Debug|Any CPU
		Release|Any CPU = Release|Any CPU
	EndGlobalSection
	GlobalSection(ProjectConfigurationPlatforms) = postSolution
		{9FE97FFC-F561-4CA7-AEDF-071EF3D36329}.Debug|Any CPU.ActiveCfg = Debug|Any CPU
		{9FE97FFC-F561-4CA7-AEDF-071EF3D36329}.Debug|Any CPU.Build.0 = Debug|Any CPU
		{9FE97FFC-F561-4CA7-AEDF-071EF3D36329}.Release|Any CPU.ActiveCfg = Release|Any CPU
		{9FE97FFC-F561-4CA7-AEDF-071EF3D36329}.Release|Any CPU.Build.0 = Release|Any CPU
		{555FAAFD-8F69-45A0-8BA1-D901A07EE166}.Debug|Any CPU.ActiveCfg = Debug|Any CPU
		{555FAAFD-8F69-45A0-8BA1-D901A07EE166}.Debug|Any CPU.Build.0 = Debug|Any CPU
		{555FAAFD-8F69-45A0-8BA1-D901A07EE166}.Release|Any CPU.ActiveCfg = Release|Any CPU
		{555FAAFD-8F69-45A0-8BA1-D901A07EE166}.Release|Any CPU.Build.0 = Release|Any CPU
	EndGlobalSection
	GlobalSection(SolutionProperties) = preSolution
		HideSolutionNode = FALSE
	EndGlobalSection
EndGlobal
